// !$*UTF8*$!
{
	archiveVersion = 1;
	classes = {
	};
	objectVersion = 55;
	objects = {

/* Begin PBXBuildFile section */
		406B278928A58BFE002FD8DB /* AppDelegate.swift in Sources */ = {isa = PBXBuildFile; fileRef = 406B278828A58BFE002FD8DB /* AppDelegate.swift */; };
		406B278B28A58BFE002FD8DB /* SceneDelegate.swift in Sources */ = {isa = PBXBuildFile; fileRef = 406B278A28A58BFE002FD8DB /* SceneDelegate.swift */; };
		406B278D28A58BFE002FD8DB /* ViewController.swift in Sources */ = {isa = PBXBuildFile; fileRef = 406B278C28A58BFE002FD8DB /* ViewController.swift */; };
		406B279028A58BFE002FD8DB /* Main.storyboard in Resources */ = {isa = PBXBuildFile; fileRef = 406B278E28A58BFE002FD8DB /* Main.storyboard */; };
		406B279228A58BFF002FD8DB /* Assets.xcassets in Resources */ = {isa = PBXBuildFile; fileRef = 406B279128A58BFF002FD8DB /* Assets.xcassets */; };
		406B279528A58BFF002FD8DB /* LaunchScreen.storyboard in Resources */ = {isa = PBXBuildFile; fileRef = 406B279328A58BFF002FD8DB /* LaunchScreen.storyboard */; };
		406B279D28A58C55002FD8DB /* NewsTableViewCell.swift in Sources */ = {isa = PBXBuildFile; fileRef = 406B279C28A58C55002FD8DB /* NewsTableViewCell.swift */; };
		406B279F28A58C6F002FD8DB /* APICaller.swift in Sources */ = {isa = PBXBuildFile; fileRef = 406B279E28A58C6F002FD8DB /* APICaller.swift */; };
/* End PBXBuildFile section */

/* Begin PBXFileReference section */
		406B278528A58BFE002FD8DB /* SimpleNews101.app */ = {isa = PBXFileReference; explicitFileType = wrapper.application; includeInIndex = 0; path = SimpleNews101.app; sourceTree = BUILT_PRODUCTS_DIR; };
		406B278828A58BFE002FD8DB /* AppDelegate.swift */ = {isa = PBXFileReference; lastKnownFileType = sourcecode.swift; path = AppDelegate.swift; sourceTree = "<group>"; };
		406B278A28A58BFE002FD8DB /* SceneDelegate.swift */ = {isa = PBXFileReference; lastKnownFileType = sourcecode.swift; path = SceneDelegate.swift; sourceTree = "<group>"; };
		406B278C28A58BFE002FD8DB /* ViewController.swift */ = {isa = PBXFileReference; lastKnownFileType = sourcecode.swift; path = ViewController.swift; sourceTree = "<group>"; };
		406B278F28A58BFE002FD8DB /* Base */ = {isa = PBXFileReference; lastKnownFileType = file.storyboard; name = Base; path = Base.lproj/Main.storyboard; sourceTree = "<group>"; };
		406B279128A58BFF002FD8DB /* Assets.xcassets */ = {isa = PBXFileReference; lastKnownFileType = folder.assetcatalog; path = Assets.xcassets; sourceTree = "<group>"; };
		406B279428A58BFF002FD8DB /* Base */ = {isa = PBXFileReference; lastKnownFileType = file.storyboard; name = Base; path = Base.lproj/LaunchScreen.storyboard; sourceTree = "<group>"; };
		406B279628A58BFF002FD8DB /* Info.plist */ = {isa = PBXFileReference; lastKnownFileType = text.plist.xml; path = Info.plist; sourceTree = "<group>"; };
		406B279C28A58C55002FD8DB /* NewsTableViewCell.swift */ = {isa = PBXFileReference; lastKnownFileType = sourcecode.swift; path = NewsTableViewCell.swift; sourceTree = "<group>"; };
		406B279E28A58C6F002FD8DB /* APICaller.swift */ = {isa = PBXFileReference; lastKnownFileType = sourcecode.swift; path = APICaller.swift; sourceTree = "<group>"; };
/* End PBXFileReference section */

/* Begin PBXFrameworksBuildPhase section */
		406B278228A58BFE002FD8DB /* Frameworks */ = {
			isa = PBXFrameworksBuildPhase;
			buildActionMask = 2147483647;
			files = (
			);
			runOnlyForDeploymentPostprocessing = 0;
		};
/* End PBXFrameworksBuildPhase section */

/* Begin PBXGroup section */
		406B277C28A58BFE002FD8DB = {
			isa = PBXGroup;
			children = (
				406B278728A58BFE002FD8DB /* SimpleNews101 */,
				406B278628A58BFE002FD8DB /* Products */,
			);
			sourceTree = "<group>";
		};
		406B278628A58BFE002FD8DB /* Products */ = {
			isa = PBXGroup;
			children = (
				406B278528A58BFE002FD8DB /* SimpleNews101.app */,
			);
			name = Products;
			sourceTree = "<group>";
		};
		406B278728A58BFE002FD8DB /* SimpleNews101 */ = {
			isa = PBXGroup;
			children = (
				406B278828A58BFE002FD8DB /* AppDelegate.swift */,
				406B278A28A58BFE002FD8DB /* SceneDelegate.swift */,
				406B279C28A58C55002FD8DB /* NewsTableViewCell.swift */,
				406B279E28A58C6F002FD8DB /* APICaller.swift */,
				406B278C28A58BFE002FD8DB /* ViewController.swift */,
				406B278E28A58BFE002FD8DB /* Main.storyboard */,
				406B279128A58BFF002FD8DB /* Assets.xcassets */,
				406B279328A58BFF002FD8DB /* LaunchScreen.storyboard */,
				406B279628A58BFF002FD8DB /* Info.plist */,
			);
			path = SimpleNews101;
			sourceTree = "<group>";
		};
/* End PBXGroup section */

/* Begin PBXNativeTarget section */
		406B278428A58BFE002FD8DB /* SimpleNews101 */ = {
			isa = PBXNativeTarget;
			buildConfigurationList = 406B279928A58BFF002FD8DB /* Build configuration list for PBXNativeTarget "SimpleNews101" */;
			buildPhases = (
				406B278128A58BFE002FD8DB /* Sources */,
				406B278228A58BFE002FD8DB /* Frameworks */,
				406B278328A58BFE002FD8DB /* Resources */,
			);
			buildRules = (
			);
			dependencies = (
			);
			name = SimpleNews101;
			productName = SimpleNews101;
			productReference = 406B278528A58BFE002FD8DB /* SimpleNews101.app */;
			productType = "com.apple.product-type.application";
		};
/* End PBXNativeTarget section */

/* Begin PBXProject section */
		406B277D28A58BFE002FD8DB /* Project object */ = {
			isa = PBXProject;
			attributes = {
				BuildIndependentTargetsInParallel = 1;
				LastSwiftUpdateCheck = 1340;
				LastUpgradeCheck = 1340;
				TargetAttributes = {
					406B278428A58BFE002FD8DB = {
						CreatedOnToolsVersion = 13.4;
					};
				};
			};
			buildConfigurationList = 406B278028A58BFE002FD8DB /* Build configuration list for PBXProject "SimpleNews101" */;
			compatibilityVersion = "Xcode 13.0";
			developmentRegion = en;
			hasScannedForEncodings = 0;
			knownRegions = (
				en,
				Base,
			);
			mainGroup = 406B277C28A58BFE002FD8DB;
			productRefGroup = 406B278628A58BFE002FD8DB /* Products */;
			projectDirPath = "";
			projectRoot = "";
			targets = (
				406B278428A58BFE002FD8DB /* SimpleNews101 */,
			);
		};
/* End PBXProject section */

/* Begin PBXResourcesBuildPhase section */
		406B278328A58BFE002FD8DB /* Resources */ = {
			isa = PBXResourcesBuildPhase;
			buildActionMask = 2147483647;
			files = (
				406B279528A58BFF002FD8DB /* LaunchScreen.storyboard in Resources */,
				406B279228A58BFF002FD8DB /* Assets.xcassets in Resources */,
				406B279028A58BFE002FD8DB /* Main.storyboard in Resources */,
			);
			runOnlyForDeploymentPostprocessing = 0;
		};
/* End PBXResourcesBuildPhase section */

/* Begin PBXSourcesBuildPhase section */
		406B278128A58BFE002FD8DB /* Sources */ = {
			isa = PBXSourcesBuildPhase;
			buildActionMask = 2147483647;
			files = (
				406B278D28A58BFE002FD8DB /* ViewController.swift in Sources */,
				406B278928A58BFE002FD8DB /* AppDelegate.swift in Sources */,
				406B279D28A58C55002FD8DB /* NewsTableViewCell.swift in Sources */,
				406B279F28A58C6F002FD8DB /* APICaller.swift in Sources */,
				406B278B28A58BFE002FD8DB /* SceneDelegate.swift in Sources */,
			);
			runOnlyForDeploymentPostprocessing = 0;
		};
/* End PBXSourcesBuildPhase section */

/* Begin PBXVariantGroup section */
		406B278E28A58BFE002FD8DB /* Main.storyboard */ = {
			isa = PBXVariantGroup;
			children = (
				406B278F28A58BFE002FD8DB /* Base */,
			);
			name = Main.storyboard;
			sourceTree = "<group>";
		};
		406B279328A58BFF002FD8DB /* LaunchScreen.storyboard */ = {
			isa = PBXVariantGroup;
			children = (
				406B279428A58BFF002FD8DB /* Base */,
			);
			name = LaunchScreen.storyboard;
			sourceTree = "<group>";
		};
/* End PBXVariantGroup section */

/* Begin XCBuildConfiguration section */
		406B279728A58BFF002FD8DB /* Debug */ = {
			isa = XCBuildConfiguration;
			buildSettings = {
				ALWAYS_SEARCH_USER_PATHS = NO;
				CLANG_ANALYZER_NONNULL = YES;
				CLANG_ANALYZER_NUMBER_OBJECT_CONVERSION = YES_AGGRESSIVE;
				CLANG_CXX_LANGUAGE_STANDARD = "gnu++17";
				CLANG_ENABLE_MODULES = YES;
				CLANG_ENABLE_OBJC_ARC = YES;
				CLANG_ENABLE_OBJC_WEAK = YES;
				CLANG_WARN_BLOCK_CAPTURE_AUTORELEASING = YES;
				CLANG_WARN_BOOL_CONVERSION = YES;
				CLANG_WARN_COMMA = YES;
				CLANG_WARN_CONSTANT_CONVERSION = YES;
				CLANG_WARN_DEPRECATED_OBJC_IMPLEMENTATIONS = YES;
				CLANG_WARN_DIRECT_OBJC_ISA_USAGE = YES_ERROR;
				CLANG_WARN_DOCUMENTATION_COMMENTS = YES;
				CLANG_WARN_EMPTY_BODY = YES;
				CLANG_WARN_ENUM_CONVERSION = YES;
				CLANG_WARN_INFINITE_RECURSION = YES;
				CLANG_WARN_INT_CONVERSION = YES;
				CLANG_WARN_NON_LITERAL_NULL_CONVERSION = YES;
				CLANG_WARN_OBJC_IMPLICIT_RETAIN_SELF = YES;
				CLANG_WARN_OBJC_LITERAL_CONVERSION = YES;
				CLANG_WARN_OBJC_ROOT_CLASS = YES_ERROR;
				CLANG_WARN_QUOTED_INCLUDE_IN_FRAMEWORK_HEADER = YES;
				CLANG_WARN_RANGE_LOOP_ANALYSIS = YES;
				CLANG_WARN_STRICT_PROTOTYPES = YES;
				CLANG_WARN_SUSPICIOUS_MOVE = YES;
				CLANG_WARN_UNGUARDED_AVAILABILITY = YES_AGGRESSIVE;
				CLANG_WARN_UNREACHABLE_CODE = YES;
				CLANG_WARN__DUPLICATE_METHOD_MATCH = YES;
				COPY_PHASE_STRIP = NO;
				DEBUG_INFORMATION_FORMAT = dwarf;
				ENABLE_STRICT_OBJC_MSGSEND = YES;
				ENABLE_TESTABILITY = YES;
				GCC_C_LANGUAGE_STANDARD = gnu11;
				GCC_DYNAMIC_NO_PIC = NO;
				GCC_NO_COMMON_BLOCKS = YES;
				GCC_OPTIMIZATION_LEVEL = 0;
				GCC_PREPROCESSOR_DEFINITIONS = (
					"DEBUG=1",
					"$(inherited)",
				);
				GCC_WARN_64_TO_32_BIT_CONVERSION = YES;
				GCC_WARN_ABOUT_RETURN_TYPE = YES_ERROR;
				GCC_WARN_UNDECLARED_SELECTOR = YES;
				GCC_WARN_UNINITIALIZED_AUTOS = YES_AGGRESSIVE;
				GCC_WARN_UNUSED_FUNCTION = YES;
				GCC_WARN_UNUSED_VARIABLE = YES;
				IPHONEOS_DEPLOYMENT_TARGET = 15.5;
				MTL_ENABLE_DEBUG_INFO = INCLUDE_SOURCE;
				MTL_FAST_MATH = YES;
				ONLY_ACTIVE_ARCH = YES;
				SDKROOT = iphoneos;
				SWIFT_ACTIVE_COMPILATION_CONDITIONS = DEBUG;
				SWIFT_OPTIMIZATION_LEVEL = "-Onone";
			};
			name = Debug;
		};
		406B279828A58BFF002FD8DB /* Release */ = {
			isa = XCBuildConfiguration;
			buildSettings = {
				ALWAYS_SEARCH_USER_PATHS = NO;
				CLANG_ANALYZER_NONNULL = YES;
				CLANG_ANALYZER_NUMBER_OBJECT_CONVERSION = YES_AGGRESSIVE;
				CLANG_CXX_LANGUAGE_STANDARD = "gnu++17";
				CLANG_ENABLE_MODULES = YES;
				CLANG_ENABLE_OBJC_ARC = YES;
				CLANG_ENABLE_OBJC_WEAK = YES;
				CLANG_WARN_BLOCK_CAPTURE_AUTORELEASING = YES;
				CLANG_WARN_BOOL_CONVERSION = YES;
				CLANG_WARN_COMMA = YES;
				CLANG_WARN_CONSTANT_CONVERSION = YES;
				CLANG_WARN_DEPRECATED_OBJC_IMPLEMENTATIONS = YES;
				CLANG_WARN_DIRECT_OBJC_ISA_USAGE = YES_ERROR;
				CLANG_WARN_DOCUMENTATION_COMMENTS = YES;
				CLANG_WARN_EMPTY_BODY = YES;
				CLANG_WARN_ENUM_CONVERSION = YES;
				CLANG_WARN_INFINITE_RECURSION = YES;
				CLANG_WARN_INT_CONVERSION = YES;
				CLANG_WARN_NON_LITERAL_NULL_CONVERSION = YES;
				CLANG_WARN_OBJC_IMPLICIT_RETAIN_SELF = YES;
				CLANG_WARN_OBJC_LITERAL_CONVERSION = YES;
				CLANG_WARN_OBJC_ROOT_CLASS = YES_ERROR;
				CLANG_WARN_QUOTED_INCLUDE_IN_FRAMEWORK_HEADER = YES;
				CLANG_WARN_RANGE_LOOP_ANALYSIS = YES;
				CLANG_WARN_STRICT_PROTOTYPES = YES;
				CLANG_WARN_SUSPICIOUS_MOVE = YES;
				CLANG_WARN_UNGUARDED_AVAILABILITY = YES_AGGRESSIVE;
				CLANG_WARN_UNREACHABLE_CODE = YES;
				CLANG_WARN__DUPLICATE_METHOD_MATCH = YES;
				COPY_PHASE_STRIP = NO;
				DEBUG_INFORMATION_FORMAT = "dwarf-with-dsym";
				ENABLE_NS_ASSERTIONS = NO;
				ENABLE_STRICT_OBJC_MSGSEND = YES;
				GCC_C_LANGUAGE_STANDARD = gnu11;
				GCC_NO_COMMON_BLOCKS = YES;
				GCC_WARN_64_TO_32_BIT_CONVERSION = YES;
				GCC_WARN_ABOUT_RETURN_TYPE = YES_ERROR;
				GCC_WARN_UNDECLARED_SELECTOR = YES;
				GCC_WARN_UNINITIALIZED_AUTOS = YES_AGGRESSIVE;
				GCC_WARN_UNUSED_FUNCTION = YES;
				GCC_WARN_UNUSED_VARIABLE = YES;
				IPHONEOS_DEPLOYMENT_TARGET = 15.5;
				MTL_ENABLE_DEBUG_INFO = NO;
				MTL_FAST_MATH = YES;
				SDKROOT = iphoneos;
				SWIFT_COMPILATION_MODE = wholemodule;
				SWIFT_OPTIMIZATION_LEVEL = "-O";
				VALIDATE_PRODUCT = YES;
			};
			name = Release;
		};
		406B279A28A58BFF002FD8DB /* Debug */ = {
			isa = XCBuildConfiguration;
			buildSettings = {
				ASSETCATALOG_COMPILER_APPICON_NAME = AppIcon;
				ASSETCATALOG_COMPILER_GLOBAL_ACCENT_COLOR_NAME = AccentColor;
				CODE_SIGN_STYLE = Automatic;
				CURRENT_PROJECT_VERSION = 1;
				DEVELOPMENT_TEAM = BK6GX2R98Y;
				GENERATE_INFOPLIST_FILE = YES;
				INFOPLIST_FILE = SimpleNews101/Info.plist;
				INFOPLIST_KEY_UIApplicationSupportsIndirectInputEvents = YES;
				INFOPLIST_KEY_UILaunchStoryboardName = LaunchScreen;
				INFOPLIST_KEY_UIMainStoryboardFile = Main;
				INFOPLIST_KEY_UISupportedInterfaceOrientations_iPad = "UIInterfaceOrientationPortrait UIInterfaceOrientationPortraitUpsideDown UIInterfaceOrientationLandscapeLeft UIInterfaceOrientationLandscapeRight";
				INFOPLIST_KEY_UISupportedInterfaceOrientations_iPhone = "UIInterfaceOrientationPortrait UIInterfaceOrientationLandscapeLeft UIInterfaceOrientationLandscapeRight";
				LD_RUNPATH_SEARCH_PATHS = (
					"$(inherited)",
					"@executable_path/Frameworks",
				);
				MARKETING_VERSION = 1.0;
				PRODUCT_BUNDLE_IDENTIFIER = CanDevecioglu.SimpleNews101;
				PRODUCT_NAME = "$(TARGET_NAME)";
				SWIFT_EMIT_LOC_STRINGS = YES;
				SWIFT_VERSION = 5.0;
				TARGETED_DEVICE_FAMILY = "1,2";
			};
			name = Debug;
		};
		406B279B28A58BFF002FD8DB /* Release */ = {
			isa = XCBuildConfiguration;
			buildSettings = {
				ASSETCATALOG_COMPILER_APPICON_NAME = AppIcon;
				ASSETCATALOG_COMPILER_GLOBAL_ACCENT_COLOR_NAME = AccentColor;
				CODE_SIGN_STYLE = Automatic;
				CURRENT_PROJECT_VERSION = 1;
				DEVELOPMENT_TEAM = BK6GX2R98Y;
				GENERATE_INFOPLIST_FILE = YES;
				INFOPLIST_FILE = SimpleNews101/Info.plist;
				INFOPLIST_KEY_UIApplicationSupportsIndirectInputEvents = YES;
				INFOPLIST_KEY_UILaunchStoryboardName = LaunchScreen;
				INFOPLIST_KEY_UIMainStoryboardFile = Main;
				INFOPLIST_KEY_UISupportedInterfaceOrientations_iPad = "UIInterfaceOrientationPortrait UIInterfaceOrientationPortraitUpsideDown UIInterfaceOrientationLandscapeLeft UIInterfaceOrientationLandscapeRight";
				INFOPLIST_KEY_UISupportedInterfaceOrientations_iPhone = "UIInterfaceOrientationPortrait UIInterfaceOrientationLandscapeLeft UIInterfaceOrientationLandscapeRight";
				LD_RUNPATH_SEARCH_PATHS = (
					"$(inherited)",
					"@executable_path/Frameworks",
				);
				MARKETING_VERSION = 1.0;
				PRODUCT_BUNDLE_IDENTIFIER = CanDevecioglu.SimpleNews101;
				PRODUCT_NAME = "$(TARGET_NAME)";
				SWIFT_EMIT_LOC_STRINGS = YES;
				SWIFT_VERSION = 5.0;
				TARGETED_DEVICE_FAMILY = "1,2";
			};
			name = Release;
		};
/* End XCBuildConfiguration section */

/* Begin XCConfigurationList section */
		406B278028A58BFE002FD8DB /* Build configuration list for PBXProject "SimpleNews101" */ = {
			isa = XCConfigurationList;
			buildConfigurations = (
				406B279728A58BFF002FD8DB /* Debug */,
				406B279828A58BFF002FD8DB /* Release */,
			);
			defaultConfigurationIsVisible = 0;
			defaultConfigurationName = Release;
		};
		406B279928A58BFF002FD8DB /* Build configuration list for PBXNativeTarget "SimpleNews101" */ = {
			isa = XCConfigurationList;
			buildConfigurations = (
				406B279A28A58BFF002FD8DB /* Debug */,
				406B279B28A58BFF002FD8DB /* Release */,
			);
			defaultConfigurationIsVisible = 0;
			defaultConfigurationName = Release;
		};
/* End XCConfigurationList section */
	};
	rootObject = 406B277D28A58BFE002FD8DB /* Project object */;
}
